Microsoft Visual Studio Solution File, Format Version 12.00
# Visual Studio Version 17
VisualStudioVersion = 17.5.2.0
MinimumVisualStudioVersion = 10.0.40219.1
Project("{FAE04EC0-301F-11D3-BF4B-00C04F79EFBC}") = "LanchesJC", "LanchesJC.csproj", "{C5CA8B46-A0B2-4BE3-1574-A63C152D1B8F}"
EndProject
Global
	GlobalSection(SolutionConfigurationPlatforms) = preSolution
		Debug|Any CPU = Debug|Any CPU
		Release|Any CPU = Release|Any CPU
	EndGlobalSection
	GlobalSection(ProjectConfigurationPlatforms) = postSolution
		{C5CA8B46-A0B2-4BE3-1574-A63C152D1B8F}.Debug|Any CPU.ActiveCfg = Debug|Any CPU
		{C5CA8B46-A0B2-4BE3-1574-A63C152D1B8F}.Debug|Any CPU.Build.0 = Debug|Any CPU
		{C5CA8B46-A0B2-4BE3-1574-A63C152D1B8F}.Release|Any CPU.ActiveCfg = Release|Any CPU
		{C5CA8B46-A0B2-4BE3-1574-A63C152D1B8F}.Release|Any CPU.Build.0 = Release|Any CPU
	EndGlobalSection
	GlobalSection(SolutionProperties) = preSolution
		HideSolutionNode = FALSE
	EndGlobalSection
	GlobalSection(ExtensibilityGlobals) = postSolution
		SolutionGuid = {BBD7F08B-1BE0-4DE2-8E0E-FEBF99B311BC}
	EndGlobalSection
EndGlobal
